
Microsoft Visual Studio Solution File, Format Version 12.00
# Visual Studio Version 16
VisualStudioVersion = 16.0.32126.315
MinimumVisualStudioVersion = 10.0.40219.1
Project("{FAE04EC0-301F-11D3-BF4B-00C04F79EFBC}") = "BusinessLayer", "..\BusinessLayer\BusinessLayer.csproj", "{ED5A27EE-7817-4ECB-81E8-B61678E1C2E2}"
EndProject
Project("{FAE04EC0-301F-11D3-BF4B-00C04F79EFBC}") = "DataAccessLayer", "..\DataAccessLayer\DataAccessLayer.csproj", "{FBB7F248-9C64-4E94-B6F1-4C8160F519C1}"
EndProject
Project("{FAE04EC0-301F-11D3-BF4B-00C04F79EFBC}") = "EntityLayer", "..\EntityLayer\EntityLayer.csproj", "{F02D21C7-F5E1-46AC-8452-04E0CFA283B5}"
EndProject
Project("{FAE04EC0-301F-11D3-BF4B-00C04F79EFBC}") = "MVC Proje Kampı", "MVC Proje Kampı.csproj", "{82FE45BE-E4AC-4EB5-BAE9-C5340B9916D8}"
EndProject
Global
	GlobalSection(SolutionConfigurationPlatforms) = preSolution
		Debug|Any CPU = Debug|Any CPU
		Release|Any CPU = Release|Any CPU
	EndGlobalSection
	GlobalSection(ProjectConfigurationPlatforms) = postSolution
		{ED5A27EE-7817-4ECB-81E8-B61678E1C2E2}.Debug|Any CPU.ActiveCfg = Debug|Any CPU
		{ED5A27EE-7817-4ECB-81E8-B61678E1C2E2}.Release|Any CPU.ActiveCfg = Release|Any CPU
		{ED5A27EE-7817-4ECB-81E8-B61678E1C2E2}.Release|Any CPU.Build.0 = Release|Any CPU
		{FBB7F248-9C64-4E94-B6F1-4C8160F519C1}.Debug|Any CPU.ActiveCfg = Debug|Any CPU
		{FBB7F248-9C64-4E94-B6F1-4C8160F519C1}.Release|Any CPU.ActiveCfg = Release|Any CPU
		{FBB7F248-9C64-4E94-B6F1-4C8160F519C1}.Release|Any CPU.Build.0 = Release|Any CPU
		{F02D21C7-F5E1-46AC-8452-04E0CFA283B5}.Debug|Any CPU.ActiveCfg = Debug|Any CPU
		{F02D21C7-F5E1-46AC-8452-04E0CFA283B5}.Release|Any CPU.ActiveCfg = Release|Any CPU
		{F02D21C7-F5E1-46AC-8452-04E0CFA283B5}.Release|Any CPU.Build.0 = Release|Any CPU
		{82FE45BE-E4AC-4EB5-BAE9-C5340B9916D8}.Debug|Any CPU.ActiveCfg = Debug|Any CPU
		{82FE45BE-E4AC-4EB5-BAE9-C5340B9916D8}.Debug|Any CPU.Build.0 = Debug|Any CPU
		{82FE45BE-E4AC-4EB5-BAE9-C5340B9916D8}.Release|Any CPU.ActiveCfg = Release|Any CPU
		{82FE45BE-E4AC-4EB5-BAE9-C5340B9916D8}.Release|Any CPU.Build.0 = Release|Any CPU
	EndGlobalSection
	GlobalSection(SolutionProperties) = preSolution
		HideSolutionNode = FALSE
	EndGlobalSection
	GlobalSection(ExtensibilityGlobals) = postSolution
		SolutionGuid = {A6F7BCCF-619A-4936-8E21-8B3B488C8EAE}
	EndGlobalSection
EndGlobal
